
Microsoft Visual Studio Solution File, Format Version 12.00
# Visual Studio Version 16
VisualStudioVersion = 16.0.29806.167
MinimumVisualStudioVersion = 10.0.40219.1
Project("{FAE04EC0-301F-11D3-BF4B-00C04F79EFBC}") = "OasisAlajuelaWebSite", "OasisAlajuelaWebSite\OasisAlajuelaWebSite.csproj", "{DA463B8D-283D-4BAF-A706-8E7694D10B3B}"
EndProject
Project("{FAE04EC0-301F-11D3-BF4B-00C04F79EFBC}") = "ET", "ET\ET.csproj", "{BD39A460-E658-4AAE-BB45-D505C53B4A29}"
EndProject
Project("{FAE04EC0-301F-11D3-BF4B-00C04F79EFBC}") = "DAL", "DAL\DAL.csproj", "{0C354337-B6E2-46BD-94EC-11442D08E257}"
EndProject
Project("{FAE04EC0-301F-11D3-BF4B-00C04F79EFBC}") = "BL", "BL\BL.csproj", "{28B14554-FD4B-47F5-9487-52EE2DEFC0F0}"
EndProject
Project("{00D1A9C2-B5F0-4AF3-8072-F6C62B433612}") = "DB_MAIN_CR_OA", "DB_MAIN_CR_OA\DB_MAIN_CR_OA.sqlproj", "{2955F508-BD4D-499B-9C75-0FC358F9CAB6}"
EndProject
Global
	GlobalSection(SolutionConfigurationPlatforms) = preSolution
		Debug|Any CPU = Debug|Any CPU
		Release|Any CPU = Release|Any CPU
	EndGlobalSection
	GlobalSection(ProjectConfigurationPlatforms) = postSolution
		{DA463B8D-283D-4BAF-A706-8E7694D10B3B}.Debug|Any CPU.ActiveCfg = Debug|Any CPU
		{DA463B8D-283D-4BAF-A706-8E7694D10B3B}.Debug|Any CPU.Build.0 = Debug|Any CPU
		{DA463B8D-283D-4BAF-A706-8E7694D10B3B}.Release|Any CPU.ActiveCfg = Release|Any CPU
		{DA463B8D-283D-4BAF-A706-8E7694D10B3B}.Release|Any CPU.Build.0 = Release|Any CPU
		{BD39A460-E658-4AAE-BB45-D505C53B4A29}.Debug|Any CPU.ActiveCfg = Debug|Any CPU
		{BD39A460-E658-4AAE-BB45-D505C53B4A29}.Debug|Any CPU.Build.0 = Debug|Any CPU
		{BD39A460-E658-4AAE-BB45-D505C53B4A29}.Release|Any CPU.ActiveCfg = Release|Any CPU
		{BD39A460-E658-4AAE-BB45-D505C53B4A29}.Release|Any CPU.Build.0 = Release|Any CPU
		{0C354337-B6E2-46BD-94EC-11442D08E257}.Debug|Any CPU.ActiveCfg = Debug|Any CPU
		{0C354337-B6E2-46BD-94EC-11442D08E257}.Debug|Any CPU.Build.0 = Debug|Any CPU
		{0C354337-B6E2-46BD-94EC-11442D08E257}.Release|Any CPU.ActiveCfg = Release|Any CPU
		{0C354337-B6E2-46BD-94EC-11442D08E257}.Release|Any CPU.Build.0 = Release|Any CPU
		{28B14554-FD4B-47F5-9487-52EE2DEFC0F0}.Debug|Any CPU.ActiveCfg = Debug|Any CPU
		{28B14554-FD4B-47F5-9487-52EE2DEFC0F0}.Debug|Any CPU.Build.0 = Debug|Any CPU
		{28B14554-FD4B-47F5-9487-52EE2DEFC0F0}.Release|Any CPU.ActiveCfg = Release|Any CPU
		{28B14554-FD4B-47F5-9487-52EE2DEFC0F0}.Release|Any CPU.Build.0 = Release|Any CPU
		{2955F508-BD4D-499B-9C75-0FC358F9CAB6}.Debug|Any CPU.ActiveCfg = Debug|Any CPU
		{2955F508-BD4D-499B-9C75-0FC358F9CAB6}.Debug|Any CPU.Build.0 = Debug|Any CPU
		{2955F508-BD4D-499B-9C75-0FC358F9CAB6}.Debug|Any CPU.Deploy.0 = Debug|Any CPU
		{2955F508-BD4D-499B-9C75-0FC358F9CAB6}.Release|Any CPU.ActiveCfg = Release|Any CPU
		{2955F508-BD4D-499B-9C75-0FC358F9CAB6}.Release|Any CPU.Build.0 = Release|Any CPU
		{2955F508-BD4D-499B-9C75-0FC358F9CAB6}.Release|Any CPU.Deploy.0 = Release|Any CPU
	EndGlobalSection
	GlobalSection(SolutionProperties) = preSolution
		HideSolutionNode = FALSE
	EndGlobalSection
	GlobalSection(ExtensibilityGlobals) = postSolution
		SolutionGuid = {B380FD27-3C53-4940-A09B-DB9E598D5239}
	EndGlobalSection
EndGlobal
